
Microsoft Visual Studio Solution File, Format Version 12.00
# Visual Studio Version 16
VisualStudioVersion = 16.0.30011.22
MinimumVisualStudioVersion = 10.0.40219.1
Project("{FAE04EC0-301F-11D3-BF4B-00C04F79EFBC}") = "Tasklist", "Tasklist\Tasklist.csproj", "{79C4DB33-C635-4D32-96ED-F4F487815DB8}"
EndProject
Global
	GlobalSection(SolutionConfigurationPlatforms) = preSolution
		Debug|Any CPU = Debug|Any CPU
		Release|Any CPU = Release|Any CPU
	EndGlobalSection
	GlobalSection(ProjectConfigurationPlatforms) = postSolution
		{79C4DB33-C635-4D32-96ED-F4F487815DB8}.Debug|Any CPU.ActiveCfg = Debug|Any CPU
		{79C4DB33-C635-4D32-96ED-F4F487815DB8}.Debug|Any CPU.Build.0 = Debug|Any CPU
		{79C4DB33-C635-4D32-96ED-F4F487815DB8}.Release|Any CPU.ActiveCfg = Release|Any CPU
		{79C4DB33-C635-4D32-96ED-F4F487815DB8}.Release|Any CPU.Build.0 = Release|Any CPU
	EndGlobalSection
	GlobalSection(SolutionProperties) = preSolution
		HideSolutionNode = FALSE
	EndGlobalSection
	GlobalSection(ExtensibilityGlobals) = postSolution
		SolutionGuid = {B780D2BA-82EB-4A58-BD6D-1701BC2B274D}
	EndGlobalSection
EndGlobal
